{
    "_meta": {
        "hash": {
            "sha256": "e0bd052a5f0c4b58cfff007fa1ed7684fc913ba3d576cc89827d5419326c5a82"
        },
        "pipfile-spec": 6,
        "requires": {
            "python_version": "3.10"
        },
        "sources": [
            {
                "name": "pypi",
                "url": "https://pypi.org/simple",
                "verify_ssl": true
            }
        ]
    },
    "default": {
        "networkx": {
            "hashes": [
                "sha256:0c127d8b2f4865f59ae9cb8aafcd60b5c70f3241ebd66f7defad7c4ab90126c9",
                "sha256:28575580c6ebdaf4505b22c6256a2b9de86b316dc63ba9e93abde3d78dfdbcf2"
            ],
            "index": "pypi",
            "markers": "python_version >= '3.10'",
            "version": "==3.3"
        },
        "pydot": {
            "hashes": [
                "sha256:43f1e878dc1ff7c1c2e3470a6999d4e9e97771c5c862440c2f0af0ba844c231f",
                "sha256:e18cf7f287c497d77b536a3d20a46284568fea390776dface6eabbdf1b1b5efc"
            ],
            "index": "pypi",
            "markers": "python_version >= '3.8'",
            "version": "==3.0.1"
        },
        "pyparsing": {
            "hashes": [
                "sha256:a1bac0ce561155ecc3ed78ca94d3c9378656ad4c94c1270de543f621420f94ad",
                "sha256:f9db75911801ed778fe61bb643079ff86601aca99fcae6345aa67292038fb742"
            ],
            "markers": "python_full_version >= '3.6.8'",
            "version": "==3.1.2"
        }
    },
    "develop": {}
}
